
Microsoft Visual Studio Solution File, Format Version 12.00
# Visual Studio Version 17
VisualStudioVersion = 17.4.33103.184
MinimumVisualStudioVersion = 10.0.40219.1
Project("{8BC9CEB8-8B4A-11D0-8D11-00A0C91BC942}") = "AP_Lab_09_3", "AP_Lab_09_3\AP_Lab_09_3.vcxproj", "{F0F15205-EE21-434D-B17C-0E9223793880}"
EndProject
Global
	GlobalSection(SolutionConfigurationPlatforms) = preSolution
		Debug|x64 = Debug|x64
		Debug|x86 = Debug|x86
		Release|x64 = Release|x64
		Release|x86 = Release|x86
	EndGlobalSection
	GlobalSection(ProjectConfigurationPlatforms) = postSolution
		{F0F15205-EE21-434D-B17C-0E9223793880}.Debug|x64.ActiveCfg = Debug|x64
		{F0F15205-EE21-434D-B17C-0E9223793880}.Debug|x64.Build.0 = Debug|x64
		{F0F15205-EE21-434D-B17C-0E9223793880}.Debug|x86.ActiveCfg = Debug|Win32
		{F0F15205-EE21-434D-B17C-0E9223793880}.Debug|x86.Build.0 = Debug|Win32
		{F0F15205-EE21-434D-B17C-0E9223793880}.Release|x64.ActiveCfg = Release|x64
		{F0F15205-EE21-434D-B17C-0E9223793880}.Release|x64.Build.0 = Release|x64
		{F0F15205-EE21-434D-B17C-0E9223793880}.Release|x86.ActiveCfg = Release|Win32
		{F0F15205-EE21-434D-B17C-0E9223793880}.Release|x86.Build.0 = Release|Win32
	EndGlobalSection
	GlobalSection(SolutionProperties) = preSolution
		HideSolutionNode = FALSE
	EndGlobalSection
	GlobalSection(ExtensibilityGlobals) = postSolution
		SolutionGuid = {E1C904C3-D7CD-45BD-AB41-78C62D1CF3A6}
	EndGlobalSection
EndGlobal
